// !$*UTF8*$!
{
	archiveVersion = 1;
	classes = {
	};
	objectVersion = 50;
	objects = {

/* Begin PBXBuildFile section */
		D8A3B97D248111D4000AEC6E /* AppDelegate.swift in Sources */ = {isa = PBXBuildFile; fileRef = D8A3B97C248111D4000AEC6E /* AppDelegate.swift */; };
		D8A3B97F248111D4000AEC6E /* SceneDelegate.swift in Sources */ = {isa = PBXBuildFile; fileRef = D8A3B97E248111D4000AEC6E /* SceneDelegate.swift */; };
		D8A3B981248111D4000AEC6E /* ViewController.swift in Sources */ = {isa = PBXBuildFile; fileRef = D8A3B980248111D4000AEC6E /* ViewController.swift */; };
		D8A3B984248111D4000AEC6E /* Main.storyboard in Resources */ = {isa = PBXBuildFile; fileRef = D8A3B982248111D4000AEC6E /* Main.storyboard */; };
		D8A3B986248111D6000AEC6E /* Assets.xcassets in Resources */ = {isa = PBXBuildFile; fileRef = D8A3B985248111D6000AEC6E /* Assets.xcassets */; };
		D8A3B989248111D7000AEC6E /* LaunchScreen.storyboard in Resources */ = {isa = PBXBuildFile; fileRef = D8A3B987248111D7000AEC6E /* LaunchScreen.storyboard */; };
/* End PBXBuildFile section */

/* Begin PBXFileReference section */
		D8A3B979248111D4000AEC6E /* CalendarPlanner.app */ = {isa = PBXFileReference; explicitFileType = wrapper.application; includeInIndex = 0; path = CalendarPlanner.app; sourceTree = BUILT_PRODUCTS_DIR; };
		D8A3B97C248111D4000AEC6E /* AppDelegate.swift */ = {isa = PBXFileReference; lastKnownFileType = sourcecode.swift; path = AppDelegate.swift; sourceTree = "<group>"; };
		D8A3B97E248111D4000AEC6E /* SceneDelegate.swift */ = {isa = PBXFileReference; lastKnownFileType = sourcecode.swift; path = SceneDelegate.swift; sourceTree = "<group>"; };
		D8A3B980248111D4000AEC6E /* ViewController.swift */ = {isa = PBXFileReference; lastKnownFileType = sourcecode.swift; path = ViewController.swift; sourceTree = "<group>"; };
		D8A3B983248111D4000AEC6E /* Base */ = {isa = PBXFileReference; lastKnownFileType = file.storyboard; name = Base; path = Base.lproj/Main.storyboard; sourceTree = "<group>"; };
		D8A3B985248111D6000AEC6E /* Assets.xcassets */ = {isa = PBXFileReference; lastKnownFileType = folder.assetcatalog; path = Assets.xcassets; sourceTree = "<group>"; };
		D8A3B988248111D7000AEC6E /* Base */ = {isa = PBXFileReference; lastKnownFileType = file.storyboard; name = Base; path = Base.lproj/LaunchScreen.storyboard; sourceTree = "<group>"; };
		D8A3B98A248111D7000AEC6E /* Info.plist */ = {isa = PBXFileReference; lastKnownFileType = text.plist.xml; path = Info.plist; sourceTree = "<group>"; };
/* End PBXFileReference section */

/* Begin PBXFrameworksBuildPhase section */
		D8A3B976248111D4000AEC6E /* Frameworks */ = {
			isa = PBXFrameworksBuildPhase;
			buildActionMask = 2147483647;
			files = (
			);
			runOnlyForDeploymentPostprocessing = 0;
		};
/* End PBXFrameworksBuildPhase section */

/* Begin PBXGroup section */
		D8A3B970248111D4000AEC6E = {
			isa = PBXGroup;
			children = (
				D8A3B97B248111D4000AEC6E /* CalendarPlanner */,
				D8A3B97A248111D4000AEC6E /* Products */,
			);
			sourceTree = "<group>";
		};
		D8A3B97A248111D4000AEC6E /* Products */ = {
			isa = PBXGroup;
			children = (
				D8A3B979248111D4000AEC6E /* CalendarPlanner.app */,
			);
			name = Products;
			sourceTree = "<group>";
		};
		D8A3B97B248111D4000AEC6E /* CalendarPlanner */ = {
			isa = PBXGroup;
			children = (
				D8A3B97C248111D4000AEC6E /* AppDelegate.swift */,
				D8A3B97E248111D4000AEC6E /* SceneDelegate.swift */,
				D8A3B980248111D4000AEC6E /* ViewController.swift */,
				D8A3B982248111D4000AEC6E /* Main.storyboard */,
				D8A3B985248111D6000AEC6E /* Assets.xcassets */,
				D8A3B987248111D7000AEC6E /* LaunchScreen.storyboard */,
				D8A3B98A248111D7000AEC6E /* Info.plist */,
			);
			path = CalendarPlanner;
			sourceTree = "<group>";
		};
/* End PBXGroup section */

/* Begin PBXNativeTarget section */
		D8A3B978248111D4000AEC6E /* CalendarPlanner */ = {
			isa = PBXNativeTarget;
			buildConfigurationList = D8A3B98D248111D7000AEC6E /* Build configuration list for PBXNativeTarget "CalendarPlanner" */;
			buildPhases = (
				D8A3B975248111D4000AEC6E /* Sources */,
				D8A3B976248111D4000AEC6E /* Frameworks */,
				D8A3B977248111D4000AEC6E /* Resources */,
			);
			buildRules = (
			);
			dependencies = (
			);
			name = CalendarPlanner;
			productName = CalendarPlanner;
			productReference = D8A3B979248111D4000AEC6E /* CalendarPlanner.app */;
			productType = "com.apple.product-type.application";
		};
/* End PBXNativeTarget section */

/* Begin PBXProject section */
		D8A3B971248111D4000AEC6E /* Project object */ = {
			isa = PBXProject;
			attributes = {
				LastSwiftUpdateCheck = 1140;
				LastUpgradeCheck = 1140;
				ORGANIZATIONNAME = "Сергей Горбачёв";
				TargetAttributes = {
					D8A3B978248111D4000AEC6E = {
						CreatedOnToolsVersion = 11.4;
					};
				};
			};
			buildConfigurationList = D8A3B974248111D4000AEC6E /* Build configuration list for PBXProject "CalendarPlanner" */;
			compatibilityVersion = "Xcode 9.3";
			developmentRegion = en;
			hasScannedForEncodings = 0;
			knownRegions = (
				en,
				Base,
			);
			mainGroup = D8A3B970248111D4000AEC6E;
			productRefGroup = D8A3B97A248111D4000AEC6E /* Products */;
			projectDirPath = "";
			projectRoot = "";
			targets = (
				D8A3B978248111D4000AEC6E /* CalendarPlanner */,
			);
		};
/* End PBXProject section */

/* Begin PBXResourcesBuildPhase section */
		D8A3B977248111D4000AEC6E /* Resources */ = {
			isa = PBXResourcesBuildPhase;
			buildActionMask = 2147483647;
			files = (
				D8A3B989248111D7000AEC6E /* LaunchScreen.storyboard in Resources */,
				D8A3B986248111D6000AEC6E /* Assets.xcassets in Resources */,
				D8A3B984248111D4000AEC6E /* Main.storyboard in Resources */,
			);
			runOnlyForDeploymentPostprocessing = 0;
		};
/* End PBXResourcesBuildPhase section */

/* Begin PBXSourcesBuildPhase section */
		D8A3B975248111D4000AEC6E /* Sources */ = {
			isa = PBXSourcesBuildPhase;
			buildActionMask = 2147483647;
			files = (
				D8A3B981248111D4000AEC6E /* ViewController.swift in Sources */,
				D8A3B97D248111D4000AEC6E /* AppDelegate.swift in Sources */,
				D8A3B97F248111D4000AEC6E /* SceneDelegate.swift in Sources */,
			);
			runOnlyForDeploymentPostprocessing = 0;
		};
/* End PBXSourcesBuildPhase section */

/* Begin PBXVariantGroup section */
		D8A3B982248111D4000AEC6E /* Main.storyboard */ = {
			isa = PBXVariantGroup;
			children = (
				D8A3B983248111D4000AEC6E /* Base */,
			);
			name = Main.storyboard;
			sourceTree = "<group>";
		};
		D8A3B987248111D7000AEC6E /* LaunchScreen.storyboard */ = {
			isa = PBXVariantGroup;
			children = (
				D8A3B988248111D7000AEC6E /* Base */,
			);
			name = LaunchScreen.storyboard;
			sourceTree = "<group>";
		};
/* End PBXVariantGroup section */

/* Begin XCBuildConfiguration section */
		D8A3B98B248111D7000AEC6E /* Debug */ = {
			isa = XCBuildConfiguration;
			buildSettings = {
				ALWAYS_SEARCH_USER_PATHS = NO;
				CLANG_ANALYZER_NONNULL = YES;
				CLANG_ANALYZER_NUMBER_OBJECT_CONVERSION = YES_AGGRESSIVE;
				CLANG_CXX_LANGUAGE_STANDARD = "gnu++14";
				CLANG_CXX_LIBRARY = "libc++";
				CLANG_ENABLE_MODULES = YES;
				CLANG_ENABLE_OBJC_ARC = YES;
				CLANG_ENABLE_OBJC_WEAK = YES;
				CLANG_WARN_BLOCK_CAPTURE_AUTORELEASING = YES;
				CLANG_WARN_BOOL_CONVERSION = YES;
				CLANG_WARN_COMMA = YES;
				CLANG_WARN_CONSTANT_CONVERSION = YES;
				CLANG_WARN_DEPRECATED_OBJC_IMPLEMENTATIONS = YES;
				CLANG_WARN_DIRECT_OBJC_ISA_USAGE = YES_ERROR;
				CLANG_WARN_DOCUMENTATION_COMMENTS = YES;
				CLANG_WARN_EMPTY_BODY = YES;
				CLANG_WARN_ENUM_CONVERSION = YES;
				CLANG_WARN_INFINITE_RECURSION = YES;
				CLANG_WARN_INT_CONVERSION = YES;
				CLANG_WARN_NON_LITERAL_NULL_CONVERSION = YES;
				CLANG_WARN_OBJC_IMPLICIT_RETAIN_SELF = YES;
				CLANG_WARN_OBJC_LITERAL_CONVERSION = YES;
				CLANG_WARN_OBJC_ROOT_CLASS = YES_ERROR;
				CLANG_WARN_RANGE_LOOP_ANALYSIS = YES;
				CLANG_WARN_STRICT_PROTOTYPES = YES;
				CLANG_WARN_SUSPICIOUS_MOVE = YES;
				CLANG_WARN_UNGUARDED_AVAILABILITY = YES_AGGRESSIVE;
				CLANG_WARN_UNREACHABLE_CODE = YES;
				CLANG_WARN__DUPLICATE_METHOD_MATCH = YES;
				COPY_PHASE_STRIP = NO;
				DEBUG_INFORMATION_FORMAT = dwarf;
				ENABLE_STRICT_OBJC_MSGSEND = YES;
				ENABLE_TESTABILITY = YES;
				GCC_C_LANGUAGE_STANDARD = gnu11;
				GCC_DYNAMIC_NO_PIC = NO;
				GCC_NO_COMMON_BLOCKS = YES;
				GCC_OPTIMIZATION_LEVEL = 0;
				GCC_PREPROCESSOR_DEFINITIONS = (
					"DEBUG=1",
					"$(inherited)",
				);
				GCC_WARN_64_TO_32_BIT_CONVERSION = YES;
				GCC_WARN_ABOUT_RETURN_TYPE = YES_ERROR;
				GCC_WARN_UNDECLARED_SELECTOR = YES;
				GCC_WARN_UNINITIALIZED_AUTOS = YES_AGGRESSIVE;
				GCC_WARN_UNUSED_FUNCTION = YES;
				GCC_WARN_UNUSED_VARIABLE = YES;
				IPHONEOS_DEPLOYMENT_TARGET = 13.4;
				MTL_ENABLE_DEBUG_INFO = INCLUDE_SOURCE;
				MTL_FAST_MATH = YES;
				ONLY_ACTIVE_ARCH = YES;
				SDKROOT = iphoneos;
				SWIFT_ACTIVE_COMPILATION_CONDITIONS = DEBUG;
				SWIFT_OPTIMIZATION_LEVEL = "-Onone";
			};
			name = Debug;
		};
		D8A3B98C248111D7000AEC6E /* Release */ = {
			isa = XCBuildConfiguration;
			buildSettings = {
				ALWAYS_SEARCH_USER_PATHS = NO;
				CLANG_ANALYZER_NONNULL = YES;
				CLANG_ANALYZER_NUMBER_OBJECT_CONVERSION = YES_AGGRESSIVE;
				CLANG_CXX_LANGUAGE_STANDARD = "gnu++14";
				CLANG_CXX_LIBRARY = "libc++";
				CLANG_ENABLE_MODULES = YES;
				CLANG_ENABLE_OBJC_ARC = YES;
				CLANG_ENABLE_OBJC_WEAK = YES;
				CLANG_WARN_BLOCK_CAPTURE_AUTORELEASING = YES;
				CLANG_WARN_BOOL_CONVERSION = YES;
				CLANG_WARN_COMMA = YES;
				CLANG_WARN_CONSTANT_CONVERSION = YES;
				CLANG_WARN_DEPRECATED_OBJC_IMPLEMENTATIONS = YES;
				CLANG_WARN_DIRECT_OBJC_ISA_USAGE = YES_ERROR;
				CLANG_WARN_DOCUMENTATION_COMMENTS = YES;
				CLANG_WARN_EMPTY_BODY = YES;
				CLANG_WARN_ENUM_CONVERSION = YES;
				CLANG_WARN_INFINITE_RECURSION = YES;
				CLANG_WARN_INT_CONVERSION = YES;
				CLANG_WARN_NON_LITERAL_NULL_CONVERSION = YES;
				CLANG_WARN_OBJC_IMPLICIT_RETAIN_SELF = YES;
				CLANG_WARN_OBJC_LITERAL_CONVERSION = YES;
				CLANG_WARN_OBJC_ROOT_CLASS = YES_ERROR;
				CLANG_WARN_RANGE_LOOP_ANALYSIS = YES;
				CLANG_WARN_STRICT_PROTOTYPES = YES;
				CLANG_WARN_SUSPICIOUS_MOVE = YES;
				CLANG_WARN_UNGUARDED_AVAILABILITY = YES_AGGRESSIVE;
				CLANG_WARN_UNREACHABLE_CODE = YES;
				CLANG_WARN__DUPLICATE_METHOD_MATCH = YES;
				COPY_PHASE_STRIP = NO;
				DEBUG_INFORMATION_FORMAT = "dwarf-with-dsym";
				ENABLE_NS_ASSERTIONS = NO;
				ENABLE_STRICT_OBJC_MSGSEND = YES;
				GCC_C_LANGUAGE_STANDARD = gnu11;
				GCC_NO_COMMON_BLOCKS = YES;
				GCC_WARN_64_TO_32_BIT_CONVERSION = YES;
				GCC_WARN_ABOUT_RETURN_TYPE = YES_ERROR;
				GCC_WARN_UNDECLARED_SELECTOR = YES;
				GCC_WARN_UNINITIALIZED_AUTOS = YES_AGGRESSIVE;
				GCC_WARN_UNUSED_FUNCTION = YES;
				GCC_WARN_UNUSED_VARIABLE = YES;
				IPHONEOS_DEPLOYMENT_TARGET = 13.4;
				MTL_ENABLE_DEBUG_INFO = NO;
				MTL_FAST_MATH = YES;
				SDKROOT = iphoneos;
				SWIFT_COMPILATION_MODE = wholemodule;
				SWIFT_OPTIMIZATION_LEVEL = "-O";
				VALIDATE_PRODUCT = YES;
			};
			name = Release;
		};
		D8A3B98E248111D7000AEC6E /* Debug */ = {
			isa = XCBuildConfiguration;
			buildSettings = {
				ASSETCATALOG_COMPILER_APPICON_NAME = AppIcon;
				CODE_SIGN_STYLE = Automatic;
				DEVELOPMENT_TEAM = 9J35TQ48R5;
				INFOPLIST_FILE = CalendarPlanner/Info.plist;
				LD_RUNPATH_SEARCH_PATHS = (
					"$(inherited)",
					"@executable_path/Frameworks",
				);
				PRODUCT_BUNDLE_IDENTIFIER = Firstname.CalendarPlanner;
				PRODUCT_NAME = "$(TARGET_NAME)";
				SWIFT_VERSION = 5.0;
				TARGETED_DEVICE_FAMILY = "1,2";
			};
			name = Debug;
		};
		D8A3B98F248111D7000AEC6E /* Release */ = {
			isa = XCBuildConfiguration;
			buildSettings = {
				ASSETCATALOG_COMPILER_APPICON_NAME = AppIcon;
				CODE_SIGN_STYLE = Automatic;
				DEVELOPMENT_TEAM = 9J35TQ48R5;
				INFOPLIST_FILE = CalendarPlanner/Info.plist;
				LD_RUNPATH_SEARCH_PATHS = (
					"$(inherited)",
					"@executable_path/Frameworks",
				);
				PRODUCT_BUNDLE_IDENTIFIER = Firstname.CalendarPlanner;
				PRODUCT_NAME = "$(TARGET_NAME)";
				SWIFT_VERSION = 5.0;
				TARGETED_DEVICE_FAMILY = "1,2";
			};
			name = Release;
		};
/* End XCBuildConfiguration section */

/* Begin XCConfigurationList section */
		D8A3B974248111D4000AEC6E /* Build configuration list for PBXProject "CalendarPlanner" */ = {
			isa = XCConfigurationList;
			buildConfigurations = (
				D8A3B98B248111D7000AEC6E /* Debug */,
				D8A3B98C248111D7000AEC6E /* Release */,
			);
			defaultConfigurationIsVisible = 0;
			defaultConfigurationName = Release;
		};
		D8A3B98D248111D7000AEC6E /* Build configuration list for PBXNativeTarget "CalendarPlanner" */ = {
			isa = XCConfigurationList;
			buildConfigurations = (
				D8A3B98E248111D7000AEC6E /* Debug */,
				D8A3B98F248111D7000AEC6E /* Release */,
			);
			defaultConfigurationIsVisible = 0;
			defaultConfigurationName = Release;
		};
/* End XCConfigurationList section */
	};
	rootObject = D8A3B971248111D4000AEC6E /* Project object */;
}
